
Microsoft Visual Studio Solution File, Format Version 12.00
# Visual Studio Version 17
VisualStudioVersion = 17.11.35303.130
MinimumVisualStudioVersion = 10.0.40219.1
Project("{FAE04EC0-301F-11D3-BF4B-00C04F79EFBC}") = "GUI", "GUI\GUI.csproj", "{4F9AD3D8-2F50-4F5C-9E08-AB5A52568A6B}"
	ProjectSection(ProjectDependencies) = postProject
		{04446770-816C-480F-9C45-0367627EF907} = {04446770-816C-480F-9C45-0367627EF907}
		{324C05F3-0FF0-4281-898F-CDE2AFCE5B06} = {324C05F3-0FF0-4281-898F-CDE2AFCE5B06}
		{FAD6EE70-5202-4728-9F1D-881C90E59540} = {FAD6EE70-5202-4728-9F1D-881C90E59540}
	EndProjectSection
EndProject
Project("{FAE04EC0-301F-11D3-BF4B-00C04F79EFBC}") = "DTO", "DTO\DTO.csproj", "{04446770-816C-480F-9C45-0367627EF907}"
EndProject
Project("{FAE04EC0-301F-11D3-BF4B-00C04F79EFBC}") = "DAL", "DAL\DAL.csproj", "{2A895839-7504-472C-AB79-D1BE7008EFFF}"
	ProjectSection(ProjectDependencies) = postProject
		{04446770-816C-480F-9C45-0367627EF907} = {04446770-816C-480F-9C45-0367627EF907}
	EndProjectSection
EndProject
Project("{FAE04EC0-301F-11D3-BF4B-00C04F79EFBC}") = "BLL", "BLL\BLL.csproj", "{FAD6EE70-5202-4728-9F1D-881C90E59540}"
	ProjectSection(ProjectDependencies) = postProject
		{04446770-816C-480F-9C45-0367627EF907} = {04446770-816C-480F-9C45-0367627EF907}
		{2A895839-7504-472C-AB79-D1BE7008EFFF} = {2A895839-7504-472C-AB79-D1BE7008EFFF}
	EndProjectSection
EndProject
Project("{FAE04EC0-301F-11D3-BF4B-00C04F79EFBC}") = "UC", "UC\UC.csproj", "{324C05F3-0FF0-4281-898F-CDE2AFCE5B06}"
	ProjectSection(ProjectDependencies) = postProject
		{04446770-816C-480F-9C45-0367627EF907} = {04446770-816C-480F-9C45-0367627EF907}
	EndProjectSection
EndProject
Global
	GlobalSection(SolutionConfigurationPlatforms) = preSolution
		Debug|Any CPU = Debug|Any CPU
		Release|Any CPU = Release|Any CPU
	EndGlobalSection
	GlobalSection(ProjectConfigurationPlatforms) = postSolution
		{4F9AD3D8-2F50-4F5C-9E08-AB5A52568A6B}.Debug|Any CPU.ActiveCfg = Debug|Any CPU
		{4F9AD3D8-2F50-4F5C-9E08-AB5A52568A6B}.Debug|Any CPU.Build.0 = Debug|Any CPU
		{4F9AD3D8-2F50-4F5C-9E08-AB5A52568A6B}.Release|Any CPU.ActiveCfg = Release|Any CPU
		{4F9AD3D8-2F50-4F5C-9E08-AB5A52568A6B}.Release|Any CPU.Build.0 = Release|Any CPU
		{04446770-816C-480F-9C45-0367627EF907}.Debug|Any CPU.ActiveCfg = Debug|Any CPU
		{04446770-816C-480F-9C45-0367627EF907}.Debug|Any CPU.Build.0 = Debug|Any CPU
		{04446770-816C-480F-9C45-0367627EF907}.Release|Any CPU.ActiveCfg = Release|Any CPU
		{04446770-816C-480F-9C45-0367627EF907}.Release|Any CPU.Build.0 = Release|Any CPU
		{2A895839-7504-472C-AB79-D1BE7008EFFF}.Debug|Any CPU.ActiveCfg = Debug|Any CPU
		{2A895839-7504-472C-AB79-D1BE7008EFFF}.Debug|Any CPU.Build.0 = Debug|Any CPU
		{2A895839-7504-472C-AB79-D1BE7008EFFF}.Release|Any CPU.ActiveCfg = Release|Any CPU
		{2A895839-7504-472C-AB79-D1BE7008EFFF}.Release|Any CPU.Build.0 = Release|Any CPU
		{FAD6EE70-5202-4728-9F1D-881C90E59540}.Debug|Any CPU.ActiveCfg = Debug|Any CPU
		{FAD6EE70-5202-4728-9F1D-881C90E59540}.Debug|Any CPU.Build.0 = Debug|Any CPU
		{FAD6EE70-5202-4728-9F1D-881C90E59540}.Release|Any CPU.ActiveCfg = Release|Any CPU
		{FAD6EE70-5202-4728-9F1D-881C90E59540}.Release|Any CPU.Build.0 = Release|Any CPU
		{324C05F3-0FF0-4281-898F-CDE2AFCE5B06}.Debug|Any CPU.ActiveCfg = Debug|Any CPU
		{324C05F3-0FF0-4281-898F-CDE2AFCE5B06}.Debug|Any CPU.Build.0 = Debug|Any CPU
		{324C05F3-0FF0-4281-898F-CDE2AFCE5B06}.Release|Any CPU.ActiveCfg = Release|Any CPU
		{324C05F3-0FF0-4281-898F-CDE2AFCE5B06}.Release|Any CPU.Build.0 = Release|Any CPU
	EndGlobalSection
	GlobalSection(SolutionProperties) = preSolution
		HideSolutionNode = FALSE
	EndGlobalSection
	GlobalSection(ExtensibilityGlobals) = postSolution
		SolutionGuid = {8E1EE446-F09C-4FDF-A980-8290409D30C0}
	EndGlobalSection
EndGlobal
